
Microsoft Visual Studio Solution File, Format Version 12.00
Project("{FAE04EC0-301F-11D3-BF4B-00C04F79EFBC}") = "api-hacker-news_ASP.NET-Core", "api-hacker-news_ASP.NET-Core\api-hacker-news_ASP.NET-Core.csproj", "{5E064102-5B0A-422A-ACF4-B8C0F9B0A9FF}"
EndProject
Global
	GlobalSection(SolutionConfigurationPlatforms) = preSolution
		Debug|Any CPU = Debug|Any CPU
		Release|Any CPU = Release|Any CPU
	EndGlobalSection
	GlobalSection(ProjectConfigurationPlatforms) = postSolution
		{5E064102-5B0A-422A-ACF4-B8C0F9B0A9FF}.Debug|Any CPU.ActiveCfg = Debug|Any CPU
		{5E064102-5B0A-422A-ACF4-B8C0F9B0A9FF}.Debug|Any CPU.Build.0 = Debug|Any CPU
		{5E064102-5B0A-422A-ACF4-B8C0F9B0A9FF}.Release|Any CPU.ActiveCfg = Release|Any CPU
		{5E064102-5B0A-422A-ACF4-B8C0F9B0A9FF}.Release|Any CPU.Build.0 = Release|Any CPU
	EndGlobalSection
EndGlobal
